// !$*UTF8*$!
{
	archiveVersion = 1;
	classes = {
	};
	objectVersion = 54;
	objects = {

/* Begin PBXBuildFile section */
		144DBE22245C8282008FDBB6 /* PhoneNumberKit in Frameworks */ = {isa = PBXBuildFile; productRef = 144DBE21245C8282008FDBB6 /* PhoneNumberKit */; };
		14BE3AD324593556004F72DE /* Utils.swift in Sources */ = {isa = PBXBuildFile; fileRef = 14BE3AD224593556004F72DE /* Utils.swift */; };
		14BE3AD72459F610004F72DE /* UpdatesScreen.swift in Sources */ = {isa = PBXBuildFile; fileRef = 14BE3AD62459F610004F72DE /* UpdatesScreen.swift */; };
		F4095B6424C66F87007163E3 /* SKProduct+localizedPrice.swift in Sources */ = {isa = PBXBuildFile; fileRef = F4095B6324C66F87007163E3 /* SKProduct+localizedPrice.swift */; };
		F4118B452B9E68AE001BC8C7 /* ContactPickerDelegate.swift in Sources */ = {isa = PBXBuildFile; fileRef = F4118B442B9E68AE001BC8C7 /* ContactPickerDelegate.swift */; };
		F4118B492B9E8FC7001BC8C7 /* ContactRowView.swift in Sources */ = {isa = PBXBuildFile; fileRef = F4118B482B9E8FC7001BC8C7 /* ContactRowView.swift */; };
		F4118B4B2B9E912E001BC8C7 /* OpenContactPickerButtonView.swift in Sources */ = {isa = PBXBuildFile; fileRef = F4118B4A2B9E912E001BC8C7 /* OpenContactPickerButtonView.swift */; };
		F4871DA1244FC43C00925392 /* NotificationHelper.swift in Sources */ = {isa = PBXBuildFile; fileRef = F4871DA0244FC43C00925392 /* NotificationHelper.swift */; };
		F48E37F922C455C3008B0B8B /* HomeScreen.swift in Sources */ = {isa = PBXBuildFile; fileRef = F48E37F822C455C3008B0B8B /* HomeScreen.swift */; };
		F48E37FB22C455CB008B0B8B /* Assets.xcassets in Resources */ = {isa = PBXBuildFile; fileRef = F48E37FA22C455CB008B0B8B /* Assets.xcassets */; };
		F48E37FE22C455CB008B0B8B /* Preview Assets.xcassets in Resources */ = {isa = PBXBuildFile; fileRef = F48E37FD22C455CB008B0B8B /* Preview Assets.xcassets */; };
		F494F95824424A03003CE7B5 /* ContactHelper.swift in Sources */ = {isa = PBXBuildFile; fileRef = F494F95724424A03003CE7B5 /* ContactHelper.swift */; };
		F4A9B8522442A0F5001D8C55 /* DetailScreen.swift in Sources */ = {isa = PBXBuildFile; fileRef = F4A9B8512442A0F5001D8C55 /* DetailScreen.swift */; };
		F4A9B8552442A179001D8C55 /* ContactPhoto.swift in Sources */ = {isa = PBXBuildFile; fileRef = F4A9B8542442A179001D8C55 /* ContactPhoto.swift */; };
		F4A9B8572442A1F7001D8C55 /* GradientView.swift in Sources */ = {isa = PBXBuildFile; fileRef = F4A9B8562442A1F7001D8C55 /* GradientView.swift */; };
		F4A9B8592442AB81001D8C55 /* PreferenceScreen.swift in Sources */ = {isa = PBXBuildFile; fileRef = F4A9B8582442AB81001D8C55 /* PreferenceScreen.swift */; };
		F4A9B85B2443FFF3001D8C55 /* Conversions.swift in Sources */ = {isa = PBXBuildFile; fileRef = F4A9B85A2443FFF3001D8C55 /* Conversions.swift */; };
		F4AD59AE244C9FF600296568 /* IAPService.swift in Sources */ = {isa = PBXBuildFile; fileRef = F4AD59AD244C9FF600296568 /* IAPService.swift */; };
		F4AD59B0244CA12C00296568 /* AboutScreen.swift in Sources */ = {isa = PBXBuildFile; fileRef = F4AD59AF244CA12C00296568 /* AboutScreen.swift */; };
		F4BAD42D2B94E45D0009CD50 /* SelectedContact.swift in Sources */ = {isa = PBXBuildFile; fileRef = F4BAD42C2B94E45D0009CD50 /* SelectedContact.swift */; };
		F4BAD42F2B94E8740009CD50 /* CatchUpApp.swift in Sources */ = {isa = PBXBuildFile; fileRef = F4BAD42E2B94E8740009CD50 /* CatchUpApp.swift */; };
		F4BAD4312B94F5680009CD50 /* ModelContext+sqliteCommand.swift in Sources */ = {isa = PBXBuildFile; fileRef = F4BAD4302B94F5680009CD50 /* ModelContext+sqliteCommand.swift */; };
/* End PBXBuildFile section */

/* Begin PBXFileReference section */
		14BE3AD224593556004F72DE /* Utils.swift */ = {isa = PBXFileReference; lastKnownFileType = sourcecode.swift; path = Utils.swift; sourceTree = "<group>"; };
		14BE3AD62459F610004F72DE /* UpdatesScreen.swift */ = {isa = PBXFileReference; lastKnownFileType = sourcecode.swift; path = UpdatesScreen.swift; sourceTree = "<group>"; };
		F4095B6324C66F87007163E3 /* SKProduct+localizedPrice.swift */ = {isa = PBXFileReference; lastKnownFileType = sourcecode.swift; path = "SKProduct+localizedPrice.swift"; sourceTree = "<group>"; };
		F4118B442B9E68AE001BC8C7 /* ContactPickerDelegate.swift */ = {isa = PBXFileReference; lastKnownFileType = sourcecode.swift; path = ContactPickerDelegate.swift; sourceTree = "<group>"; };
		F4118B482B9E8FC7001BC8C7 /* ContactRowView.swift */ = {isa = PBXFileReference; lastKnownFileType = sourcecode.swift; path = ContactRowView.swift; sourceTree = "<group>"; };
		F4118B4A2B9E912E001BC8C7 /* OpenContactPickerButtonView.swift */ = {isa = PBXFileReference; lastKnownFileType = sourcecode.swift; path = OpenContactPickerButtonView.swift; sourceTree = "<group>"; };
		F4871DA0244FC43C00925392 /* NotificationHelper.swift */ = {isa = PBXFileReference; lastKnownFileType = sourcecode.swift; path = NotificationHelper.swift; sourceTree = "<group>"; };
		F48E37EE22C455C3008B0B8B /* CatchUp.app */ = {isa = PBXFileReference; explicitFileType = wrapper.application; includeInIndex = 0; path = CatchUp.app; sourceTree = BUILT_PRODUCTS_DIR; };
		F48E37F822C455C3008B0B8B /* HomeScreen.swift */ = {isa = PBXFileReference; lastKnownFileType = sourcecode.swift; path = HomeScreen.swift; sourceTree = "<group>"; };
		F48E37FA22C455CB008B0B8B /* Assets.xcassets */ = {isa = PBXFileReference; lastKnownFileType = folder.assetcatalog; path = Assets.xcassets; sourceTree = "<group>"; };
		F48E37FD22C455CB008B0B8B /* Preview Assets.xcassets */ = {isa = PBXFileReference; lastKnownFileType = folder.assetcatalog; path = "Preview Assets.xcassets"; sourceTree = "<group>"; };
		F48E380222C455CB008B0B8B /* Info.plist */ = {isa = PBXFileReference; lastKnownFileType = text.plist.xml; path = Info.plist; sourceTree = "<group>"; };
		F494F95724424A03003CE7B5 /* ContactHelper.swift */ = {isa = PBXFileReference; lastKnownFileType = sourcecode.swift; path = ContactHelper.swift; sourceTree = "<group>"; };
		F4A9B8512442A0F5001D8C55 /* DetailScreen.swift */ = {isa = PBXFileReference; lastKnownFileType = sourcecode.swift; path = DetailScreen.swift; sourceTree = "<group>"; };
		F4A9B8542442A179001D8C55 /* ContactPhoto.swift */ = {isa = PBXFileReference; lastKnownFileType = sourcecode.swift; path = ContactPhoto.swift; sourceTree = "<group>"; };
		F4A9B8562442A1F7001D8C55 /* GradientView.swift */ = {isa = PBXFileReference; lastKnownFileType = sourcecode.swift; path = GradientView.swift; sourceTree = "<group>"; };
		F4A9B8582442AB81001D8C55 /* PreferenceScreen.swift */ = {isa = PBXFileReference; lastKnownFileType = sourcecode.swift; path = PreferenceScreen.swift; sourceTree = "<group>"; };
		F4A9B85A2443FFF3001D8C55 /* Conversions.swift */ = {isa = PBXFileReference; lastKnownFileType = sourcecode.swift; path = Conversions.swift; sourceTree = "<group>"; };
		F4AD59AC244B7B6000296568 /* CatchUp-SwiftUI.entitlements */ = {isa = PBXFileReference; lastKnownFileType = text.plist.entitlements; path = "CatchUp-SwiftUI.entitlements"; sourceTree = "<group>"; };
		F4AD59AD244C9FF600296568 /* IAPService.swift */ = {isa = PBXFileReference; lastKnownFileType = sourcecode.swift; path = IAPService.swift; sourceTree = "<group>"; };
		F4AD59AF244CA12C00296568 /* AboutScreen.swift */ = {isa = PBXFileReference; lastKnownFileType = sourcecode.swift; path = AboutScreen.swift; sourceTree = "<group>"; };
		F4BAD42C2B94E45D0009CD50 /* SelectedContact.swift */ = {isa = PBXFileReference; lastKnownFileType = sourcecode.swift; path = SelectedContact.swift; sourceTree = "<group>"; };
		F4BAD42E2B94E8740009CD50 /* CatchUpApp.swift */ = {isa = PBXFileReference; lastKnownFileType = sourcecode.swift; path = CatchUpApp.swift; sourceTree = "<group>"; };
		F4BAD4302B94F5680009CD50 /* ModelContext+sqliteCommand.swift */ = {isa = PBXFileReference; lastKnownFileType = sourcecode.swift; path = "ModelContext+sqliteCommand.swift"; sourceTree = "<group>"; };
/* End PBXFileReference section */

/* Begin PBXFrameworksBuildPhase section */
		F48E37EB22C455C3008B0B8B /* Frameworks */ = {
			isa = PBXFrameworksBuildPhase;
			buildActionMask = 2147483647;
			files = (
				144DBE22245C8282008FDBB6 /* PhoneNumberKit in Frameworks */,
			);
			runOnlyForDeploymentPostprocessing = 0;
		};
/* End PBXFrameworksBuildPhase section */

/* Begin PBXGroup section */
		F4118B472B9E8E10001BC8C7 /* Views */ = {
			isa = PBXGroup;
			children = (
				F48E37F822C455C3008B0B8B /* HomeScreen.swift */,
				F4A9B8512442A0F5001D8C55 /* DetailScreen.swift */,
				F4A9B8582442AB81001D8C55 /* PreferenceScreen.swift */,
				F4AD59AF244CA12C00296568 /* AboutScreen.swift */,
				14BE3AD62459F610004F72DE /* UpdatesScreen.swift */,
				F4A9B8532442A162001D8C55 /* Supporting Views */,
			);
			path = Views;
			sourceTree = "<group>";
		};
		F4871DA2244FC44800925392 /* Utilities */ = {
			isa = PBXGroup;
			children = (
				F4A9B85A2443FFF3001D8C55 /* Conversions.swift */,
				14BE3AD224593556004F72DE /* Utils.swift */,
				F494F95724424A03003CE7B5 /* ContactHelper.swift */,
				F4871DA0244FC43C00925392 /* NotificationHelper.swift */,
			);
			path = Utilities;
			sourceTree = "<group>";
		};
		F48E37E522C455C3008B0B8B = {
			isa = PBXGroup;
			children = (
				F48E37F022C455C3008B0B8B /* CatchUp-SwiftUI */,
				F48E37EF22C455C3008B0B8B /* Products */,
			);
			sourceTree = "<group>";
		};
		F48E37EF22C455C3008B0B8B /* Products */ = {
			isa = PBXGroup;
			children = (
				F48E37EE22C455C3008B0B8B /* CatchUp.app */,
			);
			name = Products;
			sourceTree = "<group>";
		};
		F48E37F022C455C3008B0B8B /* CatchUp-SwiftUI */ = {
			isa = PBXGroup;
			children = (
				F4BAD42E2B94E8740009CD50 /* CatchUpApp.swift */,
				F4AD59AC244B7B6000296568 /* CatchUp-SwiftUI.entitlements */,
				F48E37FA22C455CB008B0B8B /* Assets.xcassets */,
				F48E380222C455CB008B0B8B /* Info.plist */,
				F4118B472B9E8E10001BC8C7 /* Views */,
				F4BAD4292B94E41F0009CD50 /* Data */,
				F4A9B85024429E40001D8C55 /* Services */,
				F4871DA2244FC44800925392 /* Utilities */,
				F4AD59B1244CC9C100296568 /* Extensions */,
				F48E37FC22C455CB008B0B8B /* Preview Content */,
			);
			path = "CatchUp-SwiftUI";
			sourceTree = "<group>";
		};
		F48E37FC22C455CB008B0B8B /* Preview Content */ = {
			isa = PBXGroup;
			children = (
				F48E37FD22C455CB008B0B8B /* Preview Assets.xcassets */,
			);
			path = "Preview Content";
			sourceTree = "<group>";
		};
		F4A9B85024429E40001D8C55 /* Services */ = {
			isa = PBXGroup;
			children = (
				F4AD59AD244C9FF600296568 /* IAPService.swift */,
				F4118B442B9E68AE001BC8C7 /* ContactPickerDelegate.swift */,
			);
			path = Services;
			sourceTree = "<group>";
		};
		F4A9B8532442A162001D8C55 /* Supporting Views */ = {
			isa = PBXGroup;
			children = (
				F4A9B8542442A179001D8C55 /* ContactPhoto.swift */,
				F4A9B8562442A1F7001D8C55 /* GradientView.swift */,
				F4118B482B9E8FC7001BC8C7 /* ContactRowView.swift */,
				F4118B4A2B9E912E001BC8C7 /* OpenContactPickerButtonView.swift */,
			);
			path = "Supporting Views";
			sourceTree = "<group>";
		};
		F4AD59B1244CC9C100296568 /* Extensions */ = {
			isa = PBXGroup;
			children = (
				F4095B6324C66F87007163E3 /* SKProduct+localizedPrice.swift */,
				F4BAD4302B94F5680009CD50 /* ModelContext+sqliteCommand.swift */,
			);
			path = Extensions;
			sourceTree = "<group>";
		};
		F4BAD4292B94E41F0009CD50 /* Data */ = {
			isa = PBXGroup;
			children = (
				F4BAD42C2B94E45D0009CD50 /* SelectedContact.swift */,
			);
			path = Data;
			sourceTree = "<group>";
		};
/* End PBXGroup section */

/* Begin PBXNativeTarget section */
		F48E37ED22C455C3008B0B8B /* CatchUp-SwiftUI */ = {
			isa = PBXNativeTarget;
			buildConfigurationList = F48E380522C455CB008B0B8B /* Build configuration list for PBXNativeTarget "CatchUp-SwiftUI" */;
			buildPhases = (
				F48E37EA22C455C3008B0B8B /* Sources */,
				F48E37EB22C455C3008B0B8B /* Frameworks */,
				F48E37EC22C455C3008B0B8B /* Resources */,
			);
			buildRules = (
			);
			dependencies = (
			);
			name = "CatchUp-SwiftUI";
			packageProductDependencies = (
				144DBE21245C8282008FDBB6 /* PhoneNumberKit */,
			);
			productName = "CatchUp-SwiftUI";
			productReference = F48E37EE22C455C3008B0B8B /* CatchUp.app */;
			productType = "com.apple.product-type.application";
		};
/* End PBXNativeTarget section */

/* Begin PBXProject section */
		F48E37E622C455C3008B0B8B /* Project object */ = {
			isa = PBXProject;
			attributes = {
				BuildIndependentTargetsInParallel = YES;
				LastSwiftUpdateCheck = 1100;
				LastUpgradeCheck = 1530;
				ORGANIZATIONNAME = "Token Solutions";
				TargetAttributes = {
					F48E37ED22C455C3008B0B8B = {
						CreatedOnToolsVersion = 11.0;
					};
				};
			};
			buildConfigurationList = F48E37E922C455C3008B0B8B /* Build configuration list for PBXProject "CatchUp-SwiftUI" */;
			compatibilityVersion = "Xcode 9.3";
			developmentRegion = en;
			hasScannedForEncodings = 0;
			knownRegions = (
				en,
				Base,
			);
			mainGroup = F48E37E522C455C3008B0B8B;
			packageReferences = (
				144DBE20245C8282008FDBB6 /* XCRemoteSwiftPackageReference "PhoneNumberKit" */,
			);
			productRefGroup = F48E37EF22C455C3008B0B8B /* Products */;
			projectDirPath = "";
			projectRoot = "";
			targets = (
				F48E37ED22C455C3008B0B8B /* CatchUp-SwiftUI */,
			);
		};
/* End PBXProject section */

/* Begin PBXResourcesBuildPhase section */
		F48E37EC22C455C3008B0B8B /* Resources */ = {
			isa = PBXResourcesBuildPhase;
			buildActionMask = 2147483647;
			files = (
				F48E37FE22C455CB008B0B8B /* Preview Assets.xcassets in Resources */,
				F48E37FB22C455CB008B0B8B /* Assets.xcassets in Resources */,
			);
			runOnlyForDeploymentPostprocessing = 0;
		};
/* End PBXResourcesBuildPhase section */

/* Begin PBXSourcesBuildPhase section */
		F48E37EA22C455C3008B0B8B /* Sources */ = {
			isa = PBXSourcesBuildPhase;
			buildActionMask = 2147483647;
			files = (
				F4A9B8552442A179001D8C55 /* ContactPhoto.swift in Sources */,
				F4118B4B2B9E912E001BC8C7 /* OpenContactPickerButtonView.swift in Sources */,
				F4A9B8572442A1F7001D8C55 /* GradientView.swift in Sources */,
				F4A9B85B2443FFF3001D8C55 /* Conversions.swift in Sources */,
				14BE3AD324593556004F72DE /* Utils.swift in Sources */,
				F4871DA1244FC43C00925392 /* NotificationHelper.swift in Sources */,
				F494F95824424A03003CE7B5 /* ContactHelper.swift in Sources */,
				F4095B6424C66F87007163E3 /* SKProduct+localizedPrice.swift in Sources */,
				F4BAD42F2B94E8740009CD50 /* CatchUpApp.swift in Sources */,
				14BE3AD72459F610004F72DE /* UpdatesScreen.swift in Sources */,
				F4AD59B0244CA12C00296568 /* AboutScreen.swift in Sources */,
				F4A9B8592442AB81001D8C55 /* PreferenceScreen.swift in Sources */,
				F4BAD42D2B94E45D0009CD50 /* SelectedContact.swift in Sources */,
				F48E37F922C455C3008B0B8B /* HomeScreen.swift in Sources */,
				F4AD59AE244C9FF600296568 /* IAPService.swift in Sources */,
				F4BAD4312B94F5680009CD50 /* ModelContext+sqliteCommand.swift in Sources */,
				F4A9B8522442A0F5001D8C55 /* DetailScreen.swift in Sources */,
				F4118B492B9E8FC7001BC8C7 /* ContactRowView.swift in Sources */,
				F4118B452B9E68AE001BC8C7 /* ContactPickerDelegate.swift in Sources */,
			);
			runOnlyForDeploymentPostprocessing = 0;
		};
/* End PBXSourcesBuildPhase section */

/* Begin XCBuildConfiguration section */
		F48E380322C455CB008B0B8B /* Debug */ = {
			isa = XCBuildConfiguration;
			buildSettings = {
				ALWAYS_SEARCH_USER_PATHS = NO;
				ASSETCATALOG_COMPILER_GENERATE_SWIFT_ASSET_SYMBOL_EXTENSIONS = YES;
				CLANG_ANALYZER_NONNULL = YES;
				CLANG_ANALYZER_NUMBER_OBJECT_CONVERSION = YES_AGGRESSIVE;
				CLANG_CXX_LANGUAGE_STANDARD = "gnu++14";
				CLANG_CXX_LIBRARY = "libc++";
				CLANG_ENABLE_MODULES = YES;
				CLANG_ENABLE_OBJC_ARC = YES;
				CLANG_ENABLE_OBJC_WEAK = YES;
				CLANG_WARN_BLOCK_CAPTURE_AUTORELEASING = YES;
				CLANG_WARN_BOOL_CONVERSION = YES;
				CLANG_WARN_COMMA = YES;
				CLANG_WARN_CONSTANT_CONVERSION = YES;
				CLANG_WARN_DEPRECATED_OBJC_IMPLEMENTATIONS = YES;
				CLANG_WARN_DIRECT_OBJC_ISA_USAGE = YES_ERROR;
				CLANG_WARN_DOCUMENTATION_COMMENTS = YES;
				CLANG_WARN_EMPTY_BODY = YES;
				CLANG_WARN_ENUM_CONVERSION = YES;
				CLANG_WARN_INFINITE_RECURSION = YES;
				CLANG_WARN_INT_CONVERSION = YES;
				CLANG_WARN_NON_LITERAL_NULL_CONVERSION = YES;
				CLANG_WARN_OBJC_IMPLICIT_RETAIN_SELF = YES;
				CLANG_WARN_OBJC_LITERAL_CONVERSION = YES;
				CLANG_WARN_OBJC_ROOT_CLASS = YES_ERROR;
				CLANG_WARN_QUOTED_INCLUDE_IN_FRAMEWORK_HEADER = YES;
				CLANG_WARN_RANGE_LOOP_ANALYSIS = YES;
				CLANG_WARN_STRICT_PROTOTYPES = YES;
				CLANG_WARN_SUSPICIOUS_MOVE = YES;
				CLANG_WARN_UNGUARDED_AVAILABILITY = YES_AGGRESSIVE;
				CLANG_WARN_UNREACHABLE_CODE = YES;
				CLANG_WARN__DUPLICATE_METHOD_MATCH = YES;
				COPY_PHASE_STRIP = NO;
				DEBUG_INFORMATION_FORMAT = dwarf;
				ENABLE_STRICT_OBJC_MSGSEND = YES;
				ENABLE_TESTABILITY = YES;
				ENABLE_USER_SCRIPT_SANDBOXING = YES;
				GCC_C_LANGUAGE_STANDARD = gnu11;
				GCC_DYNAMIC_NO_PIC = NO;
				GCC_NO_COMMON_BLOCKS = YES;
				GCC_OPTIMIZATION_LEVEL = 0;
				GCC_PREPROCESSOR_DEFINITIONS = (
					"DEBUG=1",
					"$(inherited)",
				);
				GCC_WARN_64_TO_32_BIT_CONVERSION = YES;
				GCC_WARN_ABOUT_RETURN_TYPE = YES_ERROR;
				GCC_WARN_UNDECLARED_SELECTOR = YES;
				GCC_WARN_UNINITIALIZED_AUTOS = YES_AGGRESSIVE;
				GCC_WARN_UNUSED_FUNCTION = YES;
				GCC_WARN_UNUSED_VARIABLE = YES;
				IPHONEOS_DEPLOYMENT_TARGET = 17.0;
				MTL_ENABLE_DEBUG_INFO = INCLUDE_SOURCE;
				MTL_FAST_MATH = YES;
				ONLY_ACTIVE_ARCH = YES;
				SDKROOT = iphoneos;
				SWIFT_ACTIVE_COMPILATION_CONDITIONS = DEBUG;
				SWIFT_OPTIMIZATION_LEVEL = "-Onone";
				SWIFT_VERSION = 5.0;
				TARGETED_DEVICE_FAMILY = "1,2";
			};
			name = Debug;
		};
		F48E380422C455CB008B0B8B /* Release */ = {
			isa = XCBuildConfiguration;
			buildSettings = {
				ALWAYS_SEARCH_USER_PATHS = NO;
				ASSETCATALOG_COMPILER_GENERATE_SWIFT_ASSET_SYMBOL_EXTENSIONS = YES;
				CLANG_ANALYZER_NONNULL = YES;
				CLANG_ANALYZER_NUMBER_OBJECT_CONVERSION = YES_AGGRESSIVE;
				CLANG_CXX_LANGUAGE_STANDARD = "gnu++14";
				CLANG_CXX_LIBRARY = "libc++";
				CLANG_ENABLE_MODULES = YES;
				CLANG_ENABLE_OBJC_ARC = YES;
				CLANG_ENABLE_OBJC_WEAK = YES;
				CLANG_WARN_BLOCK_CAPTURE_AUTORELEASING = YES;
				CLANG_WARN_BOOL_CONVERSION = YES;
				CLANG_WARN_COMMA = YES;
				CLANG_WARN_CONSTANT_CONVERSION = YES;
				CLANG_WARN_DEPRECATED_OBJC_IMPLEMENTATIONS = YES;
				CLANG_WARN_DIRECT_OBJC_ISA_USAGE = YES_ERROR;
				CLANG_WARN_DOCUMENTATION_COMMENTS = YES;
				CLANG_WARN_EMPTY_BODY = YES;
				CLANG_WARN_ENUM_CONVERSION = YES;
				CLANG_WARN_INFINITE_RECURSION = YES;
				CLANG_WARN_INT_CONVERSION = YES;
				CLANG_WARN_NON_LITERAL_NULL_CONVERSION = YES;
				CLANG_WARN_OBJC_IMPLICIT_RETAIN_SELF = YES;
				CLANG_WARN_OBJC_LITERAL_CONVERSION = YES;
				CLANG_WARN_OBJC_ROOT_CLASS = YES_ERROR;
				CLANG_WARN_QUOTED_INCLUDE_IN_FRAMEWORK_HEADER = YES;
				CLANG_WARN_RANGE_LOOP_ANALYSIS = YES;
				CLANG_WARN_STRICT_PROTOTYPES = YES;
				CLANG_WARN_SUSPICIOUS_MOVE = YES;
				CLANG_WARN_UNGUARDED_AVAILABILITY = YES_AGGRESSIVE;
				CLANG_WARN_UNREACHABLE_CODE = YES;
				CLANG_WARN__DUPLICATE_METHOD_MATCH = YES;
				COPY_PHASE_STRIP = NO;
				DEBUG_INFORMATION_FORMAT = "dwarf-with-dsym";
				ENABLE_NS_ASSERTIONS = NO;
				ENABLE_STRICT_OBJC_MSGSEND = YES;
				ENABLE_USER_SCRIPT_SANDBOXING = YES;
				GCC_C_LANGUAGE_STANDARD = gnu11;
				GCC_NO_COMMON_BLOCKS = YES;
				GCC_WARN_64_TO_32_BIT_CONVERSION = YES;
				GCC_WARN_ABOUT_RETURN_TYPE = YES_ERROR;
				GCC_WARN_UNDECLARED_SELECTOR = YES;
				GCC_WARN_UNINITIALIZED_AUTOS = YES_AGGRESSIVE;
				GCC_WARN_UNUSED_FUNCTION = YES;
				GCC_WARN_UNUSED_VARIABLE = YES;
				IPHONEOS_DEPLOYMENT_TARGET = 17.0;
				MTL_ENABLE_DEBUG_INFO = NO;
				MTL_FAST_MATH = YES;
				SDKROOT = iphoneos;
				SWIFT_COMPILATION_MODE = wholemodule;
				SWIFT_OPTIMIZATION_LEVEL = "-O";
				SWIFT_VERSION = 5.0;
				TARGETED_DEVICE_FAMILY = "1,2";
				VALIDATE_PRODUCT = YES;
			};
			name = Release;
		};
		F48E380622C455CB008B0B8B /* Debug */ = {
			isa = XCBuildConfiguration;
			buildSettings = {
				ASSETCATALOG_COMPILER_APPICON_NAME = AppIcon;
				CODE_SIGN_ENTITLEMENTS = "CatchUp-SwiftUI/CatchUp-SwiftUI.entitlements";
				CODE_SIGN_STYLE = Automatic;
				CURRENT_PROJECT_VERSION = 1;
				DEVELOPMENT_ASSET_PATHS = "CatchUp-SwiftUI/Preview\\ Content";
				DEVELOPMENT_TEAM = DJAHJZFYK7;
				ENABLE_PREVIEWS = YES;
				INFOPLIST_FILE = "CatchUp-SwiftUI/Info.plist";
				INFOPLIST_KEY_CFBundleDisplayName = CatchUp;
				INFOPLIST_KEY_LSApplicationCategoryType = "public.app-category.social-networking";
				IPHONEOS_DEPLOYMENT_TARGET = 17.0;
				LD_RUNPATH_SEARCH_PATHS = (
					"$(inherited)",
					"@executable_path/Frameworks",
				);
				MARKETING_VERSION = 2.0.3;
				PRODUCT_BUNDLE_IDENTIFIER = com.tokensolutions.CatchUp;
				PRODUCT_NAME = CatchUp;
				SUPPORTS_MACCATALYST = NO;
				SWIFT_VERSION = 5.0;
				TARGETED_DEVICE_FAMILY = "1,2";
			};
			name = Debug;
		};
		F48E380722C455CB008B0B8B /* Release */ = {
			isa = XCBuildConfiguration;
			buildSettings = {
				ASSETCATALOG_COMPILER_APPICON_NAME = AppIcon;
				CODE_SIGN_ENTITLEMENTS = "CatchUp-SwiftUI/CatchUp-SwiftUI.entitlements";
				CODE_SIGN_STYLE = Automatic;
				CURRENT_PROJECT_VERSION = 1;
				DEVELOPMENT_ASSET_PATHS = "CatchUp-SwiftUI/Preview\\ Content";
				DEVELOPMENT_TEAM = DJAHJZFYK7;
				ENABLE_PREVIEWS = YES;
				INFOPLIST_FILE = "CatchUp-SwiftUI/Info.plist";
				INFOPLIST_KEY_CFBundleDisplayName = CatchUp;
				INFOPLIST_KEY_LSApplicationCategoryType = "public.app-category.social-networking";
				IPHONEOS_DEPLOYMENT_TARGET = 17.0;
				LD_RUNPATH_SEARCH_PATHS = (
					"$(inherited)",
					"@executable_path/Frameworks",
				);
				MARKETING_VERSION = 2.0.3;
				PRODUCT_BUNDLE_IDENTIFIER = com.tokensolutions.CatchUp;
				PRODUCT_NAME = CatchUp;
				SUPPORTS_MACCATALYST = NO;
				SWIFT_VERSION = 5.0;
				TARGETED_DEVICE_FAMILY = "1,2";
			};
			name = Release;
		};
/* End XCBuildConfiguration section */

/* Begin XCConfigurationList section */
		F48E37E922C455C3008B0B8B /* Build configuration list for PBXProject "CatchUp-SwiftUI" */ = {
			isa = XCConfigurationList;
			buildConfigurations = (
				F48E380322C455CB008B0B8B /* Debug */,
				F48E380422C455CB008B0B8B /* Release */,
			);
			defaultConfigurationIsVisible = 0;
			defaultConfigurationName = Release;
		};
		F48E380522C455CB008B0B8B /* Build configuration list for PBXNativeTarget "CatchUp-SwiftUI" */ = {
			isa = XCConfigurationList;
			buildConfigurations = (
				F48E380622C455CB008B0B8B /* Debug */,
				F48E380722C455CB008B0B8B /* Release */,
			);
			defaultConfigurationIsVisible = 0;
			defaultConfigurationName = Release;
		};
/* End XCConfigurationList section */

/* Begin XCRemoteSwiftPackageReference section */
		144DBE20245C8282008FDBB6 /* XCRemoteSwiftPackageReference "PhoneNumberKit" */ = {
			isa = XCRemoteSwiftPackageReference;
			repositoryURL = "https://github.com/marmelroy/PhoneNumberKit.git";
			requirement = {
				kind = upToNextMajorVersion;
				minimumVersion = 3.2.0;
			};
		};
/* End XCRemoteSwiftPackageReference section */

/* Begin XCSwiftPackageProductDependency section */
		144DBE21245C8282008FDBB6 /* PhoneNumberKit */ = {
			isa = XCSwiftPackageProductDependency;
			package = 144DBE20245C8282008FDBB6 /* XCRemoteSwiftPackageReference "PhoneNumberKit" */;
			productName = PhoneNumberKit;
		};
/* End XCSwiftPackageProductDependency section */
	};
	rootObject = F48E37E622C455C3008B0B8B /* Project object */;
}
