// !$*UTF8*$!
{
	archiveVersion = 1;
	classes = {
	};
	objectVersion = 50;
	objects = {

/* Begin PBXBuildFile section */
		F416505A24440579001DB205 /* CatchUp-SwiftUI.xcdatamodeld in Sources */ = {isa = PBXBuildFile; fileRef = F416505824440579001DB205 /* CatchUp-SwiftUI.xcdatamodeld */; };
		F4871DA1244FC43C00925392 /* NotificationService.swift in Sources */ = {isa = PBXBuildFile; fileRef = F4871DA0244FC43C00925392 /* NotificationService.swift */; };
		F48E37F222C455C3008B0B8B /* AppDelegate.swift in Sources */ = {isa = PBXBuildFile; fileRef = F48E37F122C455C3008B0B8B /* AppDelegate.swift */; };
		F48E37F422C455C3008B0B8B /* SceneDelegate.swift in Sources */ = {isa = PBXBuildFile; fileRef = F48E37F322C455C3008B0B8B /* SceneDelegate.swift */; };
		F48E37F922C455C3008B0B8B /* HomeScreen.swift in Sources */ = {isa = PBXBuildFile; fileRef = F48E37F822C455C3008B0B8B /* HomeScreen.swift */; };
		F48E37FB22C455CB008B0B8B /* Assets.xcassets in Resources */ = {isa = PBXBuildFile; fileRef = F48E37FA22C455CB008B0B8B /* Assets.xcassets */; };
		F48E37FE22C455CB008B0B8B /* Preview Assets.xcassets in Resources */ = {isa = PBXBuildFile; fileRef = F48E37FD22C455CB008B0B8B /* Preview Assets.xcassets */; };
		F48E380122C455CB008B0B8B /* LaunchScreen.storyboard in Resources */ = {isa = PBXBuildFile; fileRef = F48E37FF22C455CB008B0B8B /* LaunchScreen.storyboard */; };
		F494F95424422AA7003CE7B5 /* ContactPickerViewController.swift in Sources */ = {isa = PBXBuildFile; fileRef = F494F95324422AA7003CE7B5 /* ContactPickerViewController.swift */; };
		F494F95624422ACC003CE7B5 /* ContactPicker.swift in Sources */ = {isa = PBXBuildFile; fileRef = F494F95524422ACC003CE7B5 /* ContactPicker.swift */; };
		F494F95824424A03003CE7B5 /* ContactService.swift in Sources */ = {isa = PBXBuildFile; fileRef = F494F95724424A03003CE7B5 /* ContactService.swift */; };
		F4A9B8522442A0F5001D8C55 /* DetailScreen.swift in Sources */ = {isa = PBXBuildFile; fileRef = F4A9B8512442A0F5001D8C55 /* DetailScreen.swift */; };
		F4A9B8552442A179001D8C55 /* ContactPhoto.swift in Sources */ = {isa = PBXBuildFile; fileRef = F4A9B8542442A179001D8C55 /* ContactPhoto.swift */; };
		F4A9B8572442A1F7001D8C55 /* GradientView.swift in Sources */ = {isa = PBXBuildFile; fileRef = F4A9B8562442A1F7001D8C55 /* GradientView.swift */; };
		F4A9B8592442AB81001D8C55 /* PreferenceScreen.swift in Sources */ = {isa = PBXBuildFile; fileRef = F4A9B8582442AB81001D8C55 /* PreferenceScreen.swift */; };
		F4A9B85B2443FFF3001D8C55 /* Conversions.swift in Sources */ = {isa = PBXBuildFile; fileRef = F4A9B85A2443FFF3001D8C55 /* Conversions.swift */; };
		F4AD59AA244A960800296568 /* SelectedContact+CoreDataClass.swift in Sources */ = {isa = PBXBuildFile; fileRef = F4AD59A8244A960800296568 /* SelectedContact+CoreDataClass.swift */; };
		F4AD59AB244A960800296568 /* SelectedContact+CoreDataProperties.swift in Sources */ = {isa = PBXBuildFile; fileRef = F4AD59A9244A960800296568 /* SelectedContact+CoreDataProperties.swift */; };
		F4AD59AE244C9FF600296568 /* IAPService.swift in Sources */ = {isa = PBXBuildFile; fileRef = F4AD59AD244C9FF600296568 /* IAPService.swift */; };
		F4AD59B0244CA12C00296568 /* AboutScreen.swift in Sources */ = {isa = PBXBuildFile; fileRef = F4AD59AF244CA12C00296568 /* AboutScreen.swift */; };
		F4AD59B3244CC9D600296568 /* UserDefaults+isFirstLaunch.swift in Sources */ = {isa = PBXBuildFile; fileRef = F4AD59B2244CC9D600296568 /* UserDefaults+isFirstLaunch.swift */; };
/* End PBXBuildFile section */

/* Begin PBXFileReference section */
		F416505924440579001DB205 /* CatchUp_SwiftUI.xcdatamodel */ = {isa = PBXFileReference; lastKnownFileType = wrapper.xcdatamodel; path = CatchUp_SwiftUI.xcdatamodel; sourceTree = "<group>"; };
		F4871DA0244FC43C00925392 /* NotificationService.swift */ = {isa = PBXFileReference; lastKnownFileType = sourcecode.swift; path = NotificationService.swift; sourceTree = "<group>"; };
		F48E37EE22C455C3008B0B8B /* CatchUp.app */ = {isa = PBXFileReference; explicitFileType = wrapper.application; includeInIndex = 0; path = CatchUp.app; sourceTree = BUILT_PRODUCTS_DIR; };
		F48E37F122C455C3008B0B8B /* AppDelegate.swift */ = {isa = PBXFileReference; lastKnownFileType = sourcecode.swift; path = AppDelegate.swift; sourceTree = "<group>"; };
		F48E37F322C455C3008B0B8B /* SceneDelegate.swift */ = {isa = PBXFileReference; lastKnownFileType = sourcecode.swift; path = SceneDelegate.swift; sourceTree = "<group>"; };
		F48E37F822C455C3008B0B8B /* HomeScreen.swift */ = {isa = PBXFileReference; lastKnownFileType = sourcecode.swift; path = HomeScreen.swift; sourceTree = "<group>"; };
		F48E37FA22C455CB008B0B8B /* Assets.xcassets */ = {isa = PBXFileReference; lastKnownFileType = folder.assetcatalog; path = Assets.xcassets; sourceTree = "<group>"; };
		F48E37FD22C455CB008B0B8B /* Preview Assets.xcassets */ = {isa = PBXFileReference; lastKnownFileType = folder.assetcatalog; path = "Preview Assets.xcassets"; sourceTree = "<group>"; };
		F48E380022C455CB008B0B8B /* Base */ = {isa = PBXFileReference; lastKnownFileType = file.storyboard; name = Base; path = Base.lproj/LaunchScreen.storyboard; sourceTree = "<group>"; };
		F48E380222C455CB008B0B8B /* Info.plist */ = {isa = PBXFileReference; lastKnownFileType = text.plist.xml; path = Info.plist; sourceTree = "<group>"; };
		F494F95324422AA7003CE7B5 /* ContactPickerViewController.swift */ = {isa = PBXFileReference; lastKnownFileType = sourcecode.swift; path = ContactPickerViewController.swift; sourceTree = "<group>"; };
		F494F95524422ACC003CE7B5 /* ContactPicker.swift */ = {isa = PBXFileReference; lastKnownFileType = sourcecode.swift; path = ContactPicker.swift; sourceTree = "<group>"; };
		F494F95724424A03003CE7B5 /* ContactService.swift */ = {isa = PBXFileReference; lastKnownFileType = sourcecode.swift; path = ContactService.swift; sourceTree = "<group>"; };
		F4A9B8512442A0F5001D8C55 /* DetailScreen.swift */ = {isa = PBXFileReference; lastKnownFileType = sourcecode.swift; path = DetailScreen.swift; sourceTree = "<group>"; };
		F4A9B8542442A179001D8C55 /* ContactPhoto.swift */ = {isa = PBXFileReference; lastKnownFileType = sourcecode.swift; path = ContactPhoto.swift; sourceTree = "<group>"; };
		F4A9B8562442A1F7001D8C55 /* GradientView.swift */ = {isa = PBXFileReference; lastKnownFileType = sourcecode.swift; path = GradientView.swift; sourceTree = "<group>"; };
		F4A9B8582442AB81001D8C55 /* PreferenceScreen.swift */ = {isa = PBXFileReference; lastKnownFileType = sourcecode.swift; path = PreferenceScreen.swift; sourceTree = "<group>"; };
		F4A9B85A2443FFF3001D8C55 /* Conversions.swift */ = {isa = PBXFileReference; lastKnownFileType = sourcecode.swift; path = Conversions.swift; sourceTree = "<group>"; };
		F4AD59A8244A960800296568 /* SelectedContact+CoreDataClass.swift */ = {isa = PBXFileReference; lastKnownFileType = sourcecode.swift; path = "SelectedContact+CoreDataClass.swift"; sourceTree = SOURCE_ROOT; };
		F4AD59A9244A960800296568 /* SelectedContact+CoreDataProperties.swift */ = {isa = PBXFileReference; lastKnownFileType = sourcecode.swift; path = "SelectedContact+CoreDataProperties.swift"; sourceTree = SOURCE_ROOT; };
		F4AD59AC244B7B6000296568 /* CatchUp-SwiftUI.entitlements */ = {isa = PBXFileReference; lastKnownFileType = text.plist.entitlements; path = "CatchUp-SwiftUI.entitlements"; sourceTree = "<group>"; };
		F4AD59AD244C9FF600296568 /* IAPService.swift */ = {isa = PBXFileReference; lastKnownFileType = sourcecode.swift; path = IAPService.swift; sourceTree = "<group>"; };
		F4AD59AF244CA12C00296568 /* AboutScreen.swift */ = {isa = PBXFileReference; lastKnownFileType = sourcecode.swift; path = AboutScreen.swift; sourceTree = "<group>"; };
		F4AD59B2244CC9D600296568 /* UserDefaults+isFirstLaunch.swift */ = {isa = PBXFileReference; lastKnownFileType = sourcecode.swift; path = "UserDefaults+isFirstLaunch.swift"; sourceTree = "<group>"; };
/* End PBXFileReference section */

/* Begin PBXFrameworksBuildPhase section */
		F48E37EB22C455C3008B0B8B /* Frameworks */ = {
			isa = PBXFrameworksBuildPhase;
			buildActionMask = 2147483647;
			files = (
			);
			runOnlyForDeploymentPostprocessing = 0;
		};
/* End PBXFrameworksBuildPhase section */

/* Begin PBXGroup section */
		F42440B22446842E001ABD14 /* UIKit-Bridging */ = {
			isa = PBXGroup;
			children = (
				F494F95524422ACC003CE7B5 /* ContactPicker.swift */,
				F494F95324422AA7003CE7B5 /* ContactPickerViewController.swift */,
			);
			path = "UIKit-Bridging";
			sourceTree = "<group>";
		};
		F42440B324468480001ABD14 /* CoreData */ = {
			isa = PBXGroup;
			children = (
				F4AD59A8244A960800296568 /* SelectedContact+CoreDataClass.swift */,
				F4AD59A9244A960800296568 /* SelectedContact+CoreDataProperties.swift */,
				F416505824440579001DB205 /* CatchUp-SwiftUI.xcdatamodeld */,
			);
			path = CoreData;
			sourceTree = "<group>";
		};
		F4871DA2244FC44800925392 /* Utilities */ = {
			isa = PBXGroup;
			children = (
				F4A9B85A2443FFF3001D8C55 /* Conversions.swift */,
			);
			path = Utilities;
			sourceTree = "<group>";
		};
		F48E37E522C455C3008B0B8B = {
			isa = PBXGroup;
			children = (
				F48E37F022C455C3008B0B8B /* CatchUp-SwiftUI */,
				F48E37EF22C455C3008B0B8B /* Products */,
			);
			sourceTree = "<group>";
		};
		F48E37EF22C455C3008B0B8B /* Products */ = {
			isa = PBXGroup;
			children = (
				F48E37EE22C455C3008B0B8B /* CatchUp.app */,
			);
			name = Products;
			sourceTree = "<group>";
		};
		F48E37F022C455C3008B0B8B /* CatchUp-SwiftUI */ = {
			isa = PBXGroup;
			children = (
				F4AD59AC244B7B6000296568 /* CatchUp-SwiftUI.entitlements */,
				F48E37FA22C455CB008B0B8B /* Assets.xcassets */,
				F4AD59B1244CC9C100296568 /* Extensions */,
				F4A9B85024429E40001D8C55 /* Services */,
				F4871DA2244FC44800925392 /* Utilities */,
				F4A9B8532442A162001D8C55 /* Supporting Views */,
				F42440B22446842E001ABD14 /* UIKit-Bridging */,
				F42440B324468480001ABD14 /* CoreData */,
				F48E37F822C455C3008B0B8B /* HomeScreen.swift */,
				F4A9B8512442A0F5001D8C55 /* DetailScreen.swift */,
				F4A9B8582442AB81001D8C55 /* PreferenceScreen.swift */,
				F4AD59AF244CA12C00296568 /* AboutScreen.swift */,
				F48E37FF22C455CB008B0B8B /* LaunchScreen.storyboard */,
				F48E37F122C455C3008B0B8B /* AppDelegate.swift */,
				F48E37F322C455C3008B0B8B /* SceneDelegate.swift */,
				F48E380222C455CB008B0B8B /* Info.plist */,
				F48E37FC22C455CB008B0B8B /* Preview Content */,
			);
			path = "CatchUp-SwiftUI";
			sourceTree = "<group>";
		};
		F48E37FC22C455CB008B0B8B /* Preview Content */ = {
			isa = PBXGroup;
			children = (
				F48E37FD22C455CB008B0B8B /* Preview Assets.xcassets */,
			);
			path = "Preview Content";
			sourceTree = "<group>";
		};
		F4A9B85024429E40001D8C55 /* Services */ = {
			isa = PBXGroup;
			children = (
				F494F95724424A03003CE7B5 /* ContactService.swift */,
				F4AD59AD244C9FF600296568 /* IAPService.swift */,
				F4871DA0244FC43C00925392 /* NotificationService.swift */,
			);
			path = Services;
			sourceTree = "<group>";
		};
		F4A9B8532442A162001D8C55 /* Supporting Views */ = {
			isa = PBXGroup;
			children = (
				F4A9B8542442A179001D8C55 /* ContactPhoto.swift */,
				F4A9B8562442A1F7001D8C55 /* GradientView.swift */,
			);
			path = "Supporting Views";
			sourceTree = "<group>";
		};
		F4AD59B1244CC9C100296568 /* Extensions */ = {
			isa = PBXGroup;
			children = (
				F4AD59B2244CC9D600296568 /* UserDefaults+isFirstLaunch.swift */,
			);
			path = Extensions;
			sourceTree = "<group>";
		};
/* End PBXGroup section */

/* Begin PBXNativeTarget section */
		F48E37ED22C455C3008B0B8B /* CatchUp-SwiftUI */ = {
			isa = PBXNativeTarget;
			buildConfigurationList = F48E380522C455CB008B0B8B /* Build configuration list for PBXNativeTarget "CatchUp-SwiftUI" */;
			buildPhases = (
				F48E37EA22C455C3008B0B8B /* Sources */,
				F48E37EB22C455C3008B0B8B /* Frameworks */,
				F48E37EC22C455C3008B0B8B /* Resources */,
			);
			buildRules = (
			);
			dependencies = (
			);
			name = "CatchUp-SwiftUI";
			productName = "CatchUp-SwiftUI";
			productReference = F48E37EE22C455C3008B0B8B /* CatchUp.app */;
			productType = "com.apple.product-type.application";
		};
/* End PBXNativeTarget section */

/* Begin PBXProject section */
		F48E37E622C455C3008B0B8B /* Project object */ = {
			isa = PBXProject;
			attributes = {
				LastSwiftUpdateCheck = 1100;
				LastUpgradeCheck = 1100;
				ORGANIZATIONNAME = "Token Solutions";
				TargetAttributes = {
					F48E37ED22C455C3008B0B8B = {
						CreatedOnToolsVersion = 11.0;
					};
				};
			};
			buildConfigurationList = F48E37E922C455C3008B0B8B /* Build configuration list for PBXProject "CatchUp-SwiftUI" */;
			compatibilityVersion = "Xcode 9.3";
			developmentRegion = en;
			hasScannedForEncodings = 0;
			knownRegions = (
				en,
				Base,
			);
			mainGroup = F48E37E522C455C3008B0B8B;
			productRefGroup = F48E37EF22C455C3008B0B8B /* Products */;
			projectDirPath = "";
			projectRoot = "";
			targets = (
				F48E37ED22C455C3008B0B8B /* CatchUp-SwiftUI */,
			);
		};
/* End PBXProject section */

/* Begin PBXResourcesBuildPhase section */
		F48E37EC22C455C3008B0B8B /* Resources */ = {
			isa = PBXResourcesBuildPhase;
			buildActionMask = 2147483647;
			files = (
				F48E380122C455CB008B0B8B /* LaunchScreen.storyboard in Resources */,
				F48E37FE22C455CB008B0B8B /* Preview Assets.xcassets in Resources */,
				F48E37FB22C455CB008B0B8B /* Assets.xcassets in Resources */,
			);
			runOnlyForDeploymentPostprocessing = 0;
		};
/* End PBXResourcesBuildPhase section */

/* Begin PBXSourcesBuildPhase section */
		F48E37EA22C455C3008B0B8B /* Sources */ = {
			isa = PBXSourcesBuildPhase;
			buildActionMask = 2147483647;
			files = (
				F48E37F222C455C3008B0B8B /* AppDelegate.swift in Sources */,
				F4A9B8552442A179001D8C55 /* ContactPhoto.swift in Sources */,
				F4A9B8572442A1F7001D8C55 /* GradientView.swift in Sources */,
				F4A9B85B2443FFF3001D8C55 /* Conversions.swift in Sources */,
				F4871DA1244FC43C00925392 /* NotificationService.swift in Sources */,
				F494F95824424A03003CE7B5 /* ContactService.swift in Sources */,
				F494F95624422ACC003CE7B5 /* ContactPicker.swift in Sources */,
				F416505A24440579001DB205 /* CatchUp-SwiftUI.xcdatamodeld in Sources */,
				F4AD59B0244CA12C00296568 /* AboutScreen.swift in Sources */,
				F4A9B8592442AB81001D8C55 /* PreferenceScreen.swift in Sources */,
				F4AD59AA244A960800296568 /* SelectedContact+CoreDataClass.swift in Sources */,
				F4AD59B3244CC9D600296568 /* UserDefaults+isFirstLaunch.swift in Sources */,
				F4AD59AB244A960800296568 /* SelectedContact+CoreDataProperties.swift in Sources */,
				F48E37F922C455C3008B0B8B /* HomeScreen.swift in Sources */,
				F4AD59AE244C9FF600296568 /* IAPService.swift in Sources */,
				F48E37F422C455C3008B0B8B /* SceneDelegate.swift in Sources */,
				F4A9B8522442A0F5001D8C55 /* DetailScreen.swift in Sources */,
				F494F95424422AA7003CE7B5 /* ContactPickerViewController.swift in Sources */,
			);
			runOnlyForDeploymentPostprocessing = 0;
		};
/* End PBXSourcesBuildPhase section */

/* Begin PBXVariantGroup section */
		F48E37FF22C455CB008B0B8B /* LaunchScreen.storyboard */ = {
			isa = PBXVariantGroup;
			children = (
				F48E380022C455CB008B0B8B /* Base */,
			);
			name = LaunchScreen.storyboard;
			sourceTree = "<group>";
		};
/* End PBXVariantGroup section */

/* Begin XCBuildConfiguration section */
		F48E380322C455CB008B0B8B /* Debug */ = {
			isa = XCBuildConfiguration;
			buildSettings = {
				ALWAYS_SEARCH_USER_PATHS = NO;
				CLANG_ANALYZER_NONNULL = YES;
				CLANG_ANALYZER_NUMBER_OBJECT_CONVERSION = YES_AGGRESSIVE;
				CLANG_CXX_LANGUAGE_STANDARD = "gnu++14";
				CLANG_CXX_LIBRARY = "libc++";
				CLANG_ENABLE_MODULES = YES;
				CLANG_ENABLE_OBJC_ARC = YES;
				CLANG_ENABLE_OBJC_WEAK = YES;
				CLANG_WARN_BLOCK_CAPTURE_AUTORELEASING = YES;
				CLANG_WARN_BOOL_CONVERSION = YES;
				CLANG_WARN_COMMA = YES;
				CLANG_WARN_CONSTANT_CONVERSION = YES;
				CLANG_WARN_DEPRECATED_OBJC_IMPLEMENTATIONS = YES;
				CLANG_WARN_DIRECT_OBJC_ISA_USAGE = YES_ERROR;
				CLANG_WARN_DOCUMENTATION_COMMENTS = YES;
				CLANG_WARN_EMPTY_BODY = YES;
				CLANG_WARN_ENUM_CONVERSION = YES;
				CLANG_WARN_INFINITE_RECURSION = YES;
				CLANG_WARN_INT_CONVERSION = YES;
				CLANG_WARN_NON_LITERAL_NULL_CONVERSION = YES;
				CLANG_WARN_OBJC_IMPLICIT_RETAIN_SELF = YES;
				CLANG_WARN_OBJC_LITERAL_CONVERSION = YES;
				CLANG_WARN_OBJC_ROOT_CLASS = YES_ERROR;
				CLANG_WARN_RANGE_LOOP_ANALYSIS = YES;
				CLANG_WARN_STRICT_PROTOTYPES = YES;
				CLANG_WARN_SUSPICIOUS_MOVE = YES;
				CLANG_WARN_UNGUARDED_AVAILABILITY = YES_AGGRESSIVE;
				CLANG_WARN_UNREACHABLE_CODE = YES;
				CLANG_WARN__DUPLICATE_METHOD_MATCH = YES;
				COPY_PHASE_STRIP = NO;
				DEBUG_INFORMATION_FORMAT = dwarf;
				ENABLE_STRICT_OBJC_MSGSEND = YES;
				ENABLE_TESTABILITY = YES;
				GCC_C_LANGUAGE_STANDARD = gnu11;
				GCC_DYNAMIC_NO_PIC = NO;
				GCC_NO_COMMON_BLOCKS = YES;
				GCC_OPTIMIZATION_LEVEL = 0;
				GCC_PREPROCESSOR_DEFINITIONS = (
					"DEBUG=1",
					"$(inherited)",
				);
				GCC_WARN_64_TO_32_BIT_CONVERSION = YES;
				GCC_WARN_ABOUT_RETURN_TYPE = YES_ERROR;
				GCC_WARN_UNDECLARED_SELECTOR = YES;
				GCC_WARN_UNINITIALIZED_AUTOS = YES_AGGRESSIVE;
				GCC_WARN_UNUSED_FUNCTION = YES;
				GCC_WARN_UNUSED_VARIABLE = YES;
				IPHONEOS_DEPLOYMENT_TARGET = 13.4;
				MTL_ENABLE_DEBUG_INFO = INCLUDE_SOURCE;
				MTL_FAST_MATH = YES;
				ONLY_ACTIVE_ARCH = YES;
				SDKROOT = iphoneos;
				SWIFT_ACTIVE_COMPILATION_CONDITIONS = DEBUG;
				SWIFT_OPTIMIZATION_LEVEL = "-Onone";
				SWIFT_VERSION = 5.0;
				TARGETED_DEVICE_FAMILY = "1,2";
			};
			name = Debug;
		};
		F48E380422C455CB008B0B8B /* Release */ = {
			isa = XCBuildConfiguration;
			buildSettings = {
				ALWAYS_SEARCH_USER_PATHS = NO;
				CLANG_ANALYZER_NONNULL = YES;
				CLANG_ANALYZER_NUMBER_OBJECT_CONVERSION = YES_AGGRESSIVE;
				CLANG_CXX_LANGUAGE_STANDARD = "gnu++14";
				CLANG_CXX_LIBRARY = "libc++";
				CLANG_ENABLE_MODULES = YES;
				CLANG_ENABLE_OBJC_ARC = YES;
				CLANG_ENABLE_OBJC_WEAK = YES;
				CLANG_WARN_BLOCK_CAPTURE_AUTORELEASING = YES;
				CLANG_WARN_BOOL_CONVERSION = YES;
				CLANG_WARN_COMMA = YES;
				CLANG_WARN_CONSTANT_CONVERSION = YES;
				CLANG_WARN_DEPRECATED_OBJC_IMPLEMENTATIONS = YES;
				CLANG_WARN_DIRECT_OBJC_ISA_USAGE = YES_ERROR;
				CLANG_WARN_DOCUMENTATION_COMMENTS = YES;
				CLANG_WARN_EMPTY_BODY = YES;
				CLANG_WARN_ENUM_CONVERSION = YES;
				CLANG_WARN_INFINITE_RECURSION = YES;
				CLANG_WARN_INT_CONVERSION = YES;
				CLANG_WARN_NON_LITERAL_NULL_CONVERSION = YES;
				CLANG_WARN_OBJC_IMPLICIT_RETAIN_SELF = YES;
				CLANG_WARN_OBJC_LITERAL_CONVERSION = YES;
				CLANG_WARN_OBJC_ROOT_CLASS = YES_ERROR;
				CLANG_WARN_RANGE_LOOP_ANALYSIS = YES;
				CLANG_WARN_STRICT_PROTOTYPES = YES;
				CLANG_WARN_SUSPICIOUS_MOVE = YES;
				CLANG_WARN_UNGUARDED_AVAILABILITY = YES_AGGRESSIVE;
				CLANG_WARN_UNREACHABLE_CODE = YES;
				CLANG_WARN__DUPLICATE_METHOD_MATCH = YES;
				COPY_PHASE_STRIP = NO;
				DEBUG_INFORMATION_FORMAT = "dwarf-with-dsym";
				ENABLE_NS_ASSERTIONS = NO;
				ENABLE_STRICT_OBJC_MSGSEND = YES;
				GCC_C_LANGUAGE_STANDARD = gnu11;
				GCC_NO_COMMON_BLOCKS = YES;
				GCC_WARN_64_TO_32_BIT_CONVERSION = YES;
				GCC_WARN_ABOUT_RETURN_TYPE = YES_ERROR;
				GCC_WARN_UNDECLARED_SELECTOR = YES;
				GCC_WARN_UNINITIALIZED_AUTOS = YES_AGGRESSIVE;
				GCC_WARN_UNUSED_FUNCTION = YES;
				GCC_WARN_UNUSED_VARIABLE = YES;
				IPHONEOS_DEPLOYMENT_TARGET = 13.4;
				MTL_ENABLE_DEBUG_INFO = NO;
				MTL_FAST_MATH = YES;
				SDKROOT = iphoneos;
				SWIFT_COMPILATION_MODE = wholemodule;
				SWIFT_OPTIMIZATION_LEVEL = "-O";
				SWIFT_VERSION = 5.0;
				TARGETED_DEVICE_FAMILY = "1,2";
				VALIDATE_PRODUCT = YES;
			};
			name = Release;
		};
		F48E380622C455CB008B0B8B /* Debug */ = {
			isa = XCBuildConfiguration;
			buildSettings = {
				ASSETCATALOG_COMPILER_APPICON_NAME = AppIcon;
				CODE_SIGN_ENTITLEMENTS = "CatchUp-SwiftUI/CatchUp-SwiftUI.entitlements";
				CODE_SIGN_STYLE = Automatic;
				CURRENT_PROJECT_VERSION = 2;
				DEVELOPMENT_ASSET_PATHS = "CatchUp-SwiftUI/Preview\\ Content";
				DEVELOPMENT_TEAM = DJAHJZFYK7;
				ENABLE_PREVIEWS = YES;
				INFOPLIST_FILE = "CatchUp-SwiftUI/Info.plist";
				LD_RUNPATH_SEARCH_PATHS = (
					"$(inherited)",
					"@executable_path/Frameworks",
				);
				MARKETING_VERSION = 2.0;
				PRODUCT_BUNDLE_IDENTIFIER = com.tokensolutions.CatchUp;
				PRODUCT_NAME = CatchUp;
				SUPPORTS_MACCATALYST = NO;
				SWIFT_VERSION = 5.0;
				TARGETED_DEVICE_FAMILY = "1,2";
			};
			name = Debug;
		};
		F48E380722C455CB008B0B8B /* Release */ = {
			isa = XCBuildConfiguration;
			buildSettings = {
				ASSETCATALOG_COMPILER_APPICON_NAME = AppIcon;
				CODE_SIGN_ENTITLEMENTS = "CatchUp-SwiftUI/CatchUp-SwiftUI.entitlements";
				CODE_SIGN_STYLE = Automatic;
				CURRENT_PROJECT_VERSION = 2;
				DEVELOPMENT_ASSET_PATHS = "CatchUp-SwiftUI/Preview\\ Content";
				DEVELOPMENT_TEAM = DJAHJZFYK7;
				ENABLE_PREVIEWS = YES;
				INFOPLIST_FILE = "CatchUp-SwiftUI/Info.plist";
				LD_RUNPATH_SEARCH_PATHS = (
					"$(inherited)",
					"@executable_path/Frameworks",
				);
				MARKETING_VERSION = 2.0;
				PRODUCT_BUNDLE_IDENTIFIER = com.tokensolutions.CatchUp;
				PRODUCT_NAME = CatchUp;
				SUPPORTS_MACCATALYST = NO;
				SWIFT_VERSION = 5.0;
				TARGETED_DEVICE_FAMILY = "1,2";
			};
			name = Release;
		};
/* End XCBuildConfiguration section */

/* Begin XCConfigurationList section */
		F48E37E922C455C3008B0B8B /* Build configuration list for PBXProject "CatchUp-SwiftUI" */ = {
			isa = XCConfigurationList;
			buildConfigurations = (
				F48E380322C455CB008B0B8B /* Debug */,
				F48E380422C455CB008B0B8B /* Release */,
			);
			defaultConfigurationIsVisible = 0;
			defaultConfigurationName = Release;
		};
		F48E380522C455CB008B0B8B /* Build configuration list for PBXNativeTarget "CatchUp-SwiftUI" */ = {
			isa = XCConfigurationList;
			buildConfigurations = (
				F48E380622C455CB008B0B8B /* Debug */,
				F48E380722C455CB008B0B8B /* Release */,
			);
			defaultConfigurationIsVisible = 0;
			defaultConfigurationName = Release;
		};
/* End XCConfigurationList section */

/* Begin XCVersionGroup section */
		F416505824440579001DB205 /* CatchUp-SwiftUI.xcdatamodeld */ = {
			isa = XCVersionGroup;
			children = (
				F416505924440579001DB205 /* CatchUp_SwiftUI.xcdatamodel */,
			);
			currentVersion = F416505924440579001DB205 /* CatchUp_SwiftUI.xcdatamodel */;
			path = "CatchUp-SwiftUI.xcdatamodeld";
			sourceTree = "<group>";
			versionGroupType = wrapper.xcdatamodel;
		};
/* End XCVersionGroup section */
	};
	rootObject = F48E37E622C455C3008B0B8B /* Project object */;
}
