{
  "originHash" : "d01b822f6446cef501cebe37b5b78101e0a82173bb523ee64501d3331d40b50c",
  "pins" : [
    {
      "identity" : "phonenumberkit",
      "kind" : "remoteSourceControl",
      "location" : "https://github.com/marmelroy/PhoneNumberKit.git",
      "state" : {
        "revision" : "8cba2258060e356d5fc4836d4ff8549faa2409dd",
        "version" : "4.1.4"
      }
    }
  ],
  "version" : 3
}
