{
  "originHash" : "d01b822f6446cef501cebe37b5b78101e0a82173bb523ee64501d3331d40b50c",
  "pins" : [
    {
      "identity" : "phonenumberkit",
      "kind" : "remoteSourceControl",
      "location" : "https://github.com/marmelroy/PhoneNumberKit.git",
      "state" : {
        "revision" : "2d547ffe38f61009219e34e5378d2aa4c13b6e51",
        "version" : "4.2.12"
      }
    }
  ],
  "version" : 3
}
